
Microsoft Visual Studio Solution File, Format Version 12.00
# Visual Studio 15
VisualStudioVersion = 15.0.28307.902
MinimumVisualStudioVersion = 10.0.40219.1
Project("{FAE04EC0-301F-11D3-BF4B-00C04F79EFBC}") = "proyectoWeb", "proyectoWeb\proyectoWeb.csproj", "{99C2DE6E-87C3-473D-BB42-10282BA6B97C}"
EndProject
Project("{FAE04EC0-301F-11D3-BF4B-00C04F79EFBC}") = "MODELO", "MODELO\MODELO.csproj", "{3C9550C2-4EEB-4229-A947-EF1F3255121A}"
EndProject
Project("{FAE04EC0-301F-11D3-BF4B-00C04F79EFBC}") = "CONTROLADOR", "CONTROLADOR\CONTROLADOR.csproj", "{35B2A579-6870-4A5E-AE7A-68C0B4E7D372}"
EndProject
Global
	GlobalSection(SolutionConfigurationPlatforms) = preSolution
		Debug|Any CPU = Debug|Any CPU
		Release|Any CPU = Release|Any CPU
	EndGlobalSection
	GlobalSection(ProjectConfigurationPlatforms) = postSolution
		{99C2DE6E-87C3-473D-BB42-10282BA6B97C}.Debug|Any CPU.ActiveCfg = Debug|Any CPU
		{99C2DE6E-87C3-473D-BB42-10282BA6B97C}.Debug|Any CPU.Build.0 = Debug|Any CPU
		{99C2DE6E-87C3-473D-BB42-10282BA6B97C}.Release|Any CPU.ActiveCfg = Release|Any CPU
		{99C2DE6E-87C3-473D-BB42-10282BA6B97C}.Release|Any CPU.Build.0 = Release|Any CPU
		{3C9550C2-4EEB-4229-A947-EF1F3255121A}.Debug|Any CPU.ActiveCfg = Debug|Any CPU
		{3C9550C2-4EEB-4229-A947-EF1F3255121A}.Debug|Any CPU.Build.0 = Debug|Any CPU
		{3C9550C2-4EEB-4229-A947-EF1F3255121A}.Release|Any CPU.ActiveCfg = Release|Any CPU
		{3C9550C2-4EEB-4229-A947-EF1F3255121A}.Release|Any CPU.Build.0 = Release|Any CPU
		{35B2A579-6870-4A5E-AE7A-68C0B4E7D372}.Debug|Any CPU.ActiveCfg = Debug|Any CPU
		{35B2A579-6870-4A5E-AE7A-68C0B4E7D372}.Debug|Any CPU.Build.0 = Debug|Any CPU
		{35B2A579-6870-4A5E-AE7A-68C0B4E7D372}.Release|Any CPU.ActiveCfg = Release|Any CPU
		{35B2A579-6870-4A5E-AE7A-68C0B4E7D372}.Release|Any CPU.Build.0 = Release|Any CPU
	EndGlobalSection
	GlobalSection(SolutionProperties) = preSolution
		HideSolutionNode = FALSE
	EndGlobalSection
	GlobalSection(ExtensibilityGlobals) = postSolution
		SolutionGuid = {C37C3DC3-C9C0-4073-8D46-08FEC30D8636}
	EndGlobalSection
EndGlobal
